{
    "_meta": {
        "hash": {
            "sha256": "0d6ed31016131cba24053a47804dcf0fabd15515e1d8f192798e4f75da89eef0"
        },
        "pipfile-spec": 6,
        "requires": {
            "python_version": "3.7"
        },
        "sources": [
            {
                "name": "pypi",
                "url": "https://pypi.org/simple",
                "verify_ssl": true
            }
        ]
    },
    "default": {
        "alembic": {
            "hashes": [
                "sha256:e9ffdece0eece55f4108b14b6b0f29ffc730d58e28446a434fe41a1cc5c5f266"
            ],
            "index": "pypi",
            "version": "==1.0.5"
        },
        "appdirs": {
            "hashes": [
                "sha256:9e5896d1372858f8dd3344faf4e5014d21849c756c8d5701f78f8a103b372d92",
                "sha256:d8b24664561d0d34ddfaec54636d502d7cea6e29c3eaf68f3df6180863e2166e"
            ],
            "index": "pypi",
            "version": "==1.4.3"
        },
        "backports-abc": {
            "hashes": [
                "sha256:033be54514a03e255df75c5aee8f9e672f663f93abb723444caec8fe43437bde",
                "sha256:52089f97fe7a9aa0d3277b220c1d730a85aefd64e1b2664696fe35317c5470a7"
            ],
            "index": "pypi",
            "version": "==0.5"
        },
        "cerberus": {
            "hashes": [
                "sha256:b4d6a6a355fef497875ccca2ad482b3511c3e8739919f2cbf58a0dacf09d9f9f"
            ],
            "index": "pypi",
            "version": "==1.0.1"
        },
        "colorama": {
            "hashes": [
                "sha256:463f8483208e921368c9f306094eb6f725c6ca42b0f97e313cb5d5512459feda",
                "sha256:48eb22f4f8461b1df5734a074b57042430fb06e1d61bd1e11b078c0fe6d7a1f1"
            ],
            "index": "pypi",
            "version": "==0.3.9"
        },
        "dicttoxml": {
            "hashes": [
                "sha256:ea44cc4ec6c0f85098c57a431a1ee891b3549347b07b7414c8a24611ecf37e45"
            ],
            "index": "pypi",
            "version": "==1.7.4"
        },
        "dnspython": {
            "hashes": [
                "sha256:40f563e1f7a7b80dc5a4e76ad75c23da53d62f1e15e6e517293b04e1f84ead7c",
                "sha256:861e6e58faa730f9845aaaa9c6c832851fbf89382ac52915a51f89c71accdd31"
            ],
            "index": "pypi",
            "version": "==1.15.0"
        },
        "jsonschema": {
            "hashes": [
                "sha256:36673ac378feed3daa5956276a829699056523d7961027911f064b52255ead41",
                "sha256:71e7b3bcf9fca408bcb65bb60892f375d3abdd2e4f296eeeb8fe0bbbfcde598e",
                "sha256:9088494da4c74497a7a27842ae4ca9c3355b5f7754121edc440463eaf020f079"
            ],
            "index": "pypi",
            "version": "==2.5.1"
        },
        "junit2html": {
            "hashes": [
                "sha256:fd6bb874c4c3e6dbdb51d54720888779363eb2c6cfc31612f0a85e38eb5b3452"
            ],
            "index": "pypi",
            "version": "==18"
        },
        "mako": {
            "hashes": [
                "sha256:4e02fde57bd4abb5ec400181e4c314f56ac3e49ba4fb8b0d50bba18cb27d25ae"
            ],
            "index": "pypi",
            "version": "==1.0.7"
        },
        "markupsafe": {
            "hashes": [
                "sha256:a4ec1aff59b95a14b45eb2e23761a0179e98319da5a7eb76b56ea8cdc7b871c3"
            ],
            "index": "pypi",
            "version": "==0.23"
        },
        "marshmallow": {
            "hashes": [
                "sha256:ee34223e65dd12d0fc964690f650da6ec9d07dfb015f3c11cd56e7b7cbba0d12",
                "sha256:fe273cb0b927b1e80a76beeb969d787e3fe03cafc6a3fe70587ba64d43349eb2"
            ],
            "index": "pypi",
            "version": "==2.10.1"
        },
        "marshmallow-sqlalchemy": {
            "hashes": [
                "sha256:14e06930d0e78f08e5acd5ce7d2dfd0776693447b87abc28b276287733c06bf9",
                "sha256:fabe06261ed00c3ed2d78722ab7ce9fcedc5f994dd7c0e76cb8f7f848c810feb"
            ],
            "index": "pypi",
            "version": "==0.10.0"
        },
        "py": {
            "hashes": [
                "sha256:bf92637198836372b520efcba9e020c330123be8ce527e535d185ed4b6f45694",
                "sha256:e76826342cefe3c3d5f7e8ee4316b80d1dd8a300781612ddbc765c17ba25a6c6"
            ],
            "index": "pypi",
            "version": "==1.7.0"
        },
        "pymongo": {
            "hashes": [
                "sha256:01dd4d25dc0fad15db3b384d04ac6cc1f75b56b48afd0a85a8d8207b44b741bb",
                "sha256:02180988dc858739a856e9f77276298c6015e6fa9e87a6ad6362f679b2e5c2bb",
                "sha256:18fa5c2ebb23c8f34f30a5c764ada19621a4523f83aeeb8df9fc19ecfe76f838",
                "sha256:1ee151105631724db9616dd2e083d7c28141c3fedc3d71c12bace5466621f785",
                "sha256:1f865cb1999dce298746c84608ba8f2401e186691f6560a3401d812b3fdba74f",
                "sha256:20769fd9bc0837e7334ad2c6c06953024b415dbed09fd59d6a61feeb29a6fe30",
                "sha256:2dd5b261b00adffce993dc5ffd0feb94368e1657eb16edeed62ae8fe142ac34e",
                "sha256:3ab86827cfc1283300cd050bad185840b150877ad5b324053f7a9455ee6e596f",
                "sha256:3b49f5979e1c4603b19b3805032a1a5abaecbc0f54dc765ba1b663e765711baf",
                "sha256:3cd107632808d1b94da6591f3bf2579ba88333650a6537b7655882487a8caac4",
                "sha256:4568c460343f724e8944078ab165fa54d9e33fdb1867f1e3d1e231f8ca4368a6",
                "sha256:456b96c606147cea58f9316092b1ac8a239e891a1e8644a932e8a3c9cafec155",
                "sha256:480addc4e9b87877d0508d64a5f2489448358537e94476f6341538981aef6e8f",
                "sha256:4a69850e3d5d19e3b97918de5a19f1dacd1c08a0fe8df55221fe47a2ea767931",
                "sha256:54e5a5e70ca8afe38f517746ace4d20f5d814de16d5734299a18a664feb47a3f",
                "sha256:595b2b780e5b17e95eac1c5a8935a673742186849cd73bde6706b76b7de8d1ef",
                "sha256:59cf6f39042acd8062cc5c685838fb1532bb6424992ac757ceec742452d5a1bc",
                "sha256:634dc6e204f2dedfae18a095790e3baba6b071dbe0660b2b3af0f21ea0215cd4",
                "sha256:63d64859599b3ddc85ae7a211051e12ed956ce1deeaddc2c620fa323b6dfa97f",
                "sha256:66afa84a953e0e59d1f60bb05f25202759b9a606c748ee410b96763152cfd11a",
                "sha256:6de8a60ce357b36bfee923abcea29ede2906fa88cdc426d078e8fbb9b00efaa8",
                "sha256:6e53318801aed1abf4a41d94c4cea2b89749b706ed9a79599d69df5b70ffc175",
                "sha256:6fae8c918c9f66ccfa15a7bc3b92fb9e095302f8bb7789ee59eb05b7d8c618fa",
                "sha256:7a5fc9aead0fd4946607279ef34f379e312716abfae53e6fa6603ae3eec4308a",
                "sha256:82498737ef6c1ed6982b819eeac7fc241a581e7ac0eb73bea21bd4888e6e0530",
                "sha256:8c235432ddc354382ef9cce1e852d3c55ade84f661bcb617f2d095476d2927c4",
                "sha256:8c360dba39dce961d1e3b5af048612d17575f62abf889b9ddd74ab52d9026ed9",
                "sha256:914ae20e5f3574135ae270d69bd7e8cfdaacbfc561c47e587dee0dcbada3a3a2",
                "sha256:9162ebfca987ddf1dead8406e9b5bab3a68444b13fdd5aed9eca8bdec01a58f4",
                "sha256:99416866f7a8f6eb7bfb696eedb1153ef204a67a8ce18d8cddf0c93e16010d43",
                "sha256:99c794e427ff9cb50d7bd9ec52c4f1b89a8318f37b4ccbefdce446a7f4ec5f7c",
                "sha256:a1b2926be8aff7e641ab622991f77bb9c546268d416277b1fb5efd6305206e46",
                "sha256:adb7b6cf1bb6908cbe5b2e131e2cc22c707fbf0f9f0f27878494834683b997a2",
                "sha256:b20de0b3b796f2ff2dddf14aba911bc429911583b8bbbaee2976e7fce7a56d56",
                "sha256:c438452261daac308c0a19c7dfa46aeee1a93896611b483879865a0aa1615cc5",
                "sha256:c6de26d1e171cdc449745b82f1addbc873d105b8e7335097da991c0fc664a4a8",
                "sha256:d8a81a7d611936931145fa759cfacf99ff755d16e2d336677af439e128613da1",
                "sha256:db739c3323e4b5abd4778a2b3c73b7582c5ceadb40612e0dcc20fbc1abb538a3",
                "sha256:dd93e47651d7a7a63c32d0c8f5d6e6c50d99b7a0f2ef08a4237727d89dac8f4e",
                "sha256:ea876d43fdeefebf8afa18cd647efa7b930eb8a4719ebdb1a8106cc51c446437",
                "sha256:eeaf83db38425913283cf2db6caeb4c85911d3923615ea7d5b752e5ad49914ec",
                "sha256:ef1fb8ebbc0a0d1c92f6a2da4602e7ea10863fd546854d168c6638a0976e79fd",
                "sha256:f21caa2aae45ebfc420bc2631acf2c8de0e8384b14565c415c2fae9dc7aacdf9",
                "sha256:f90b14d3c833c3d588066fec3334d5c1648a7cfee4e279dc1e553ec13082559b",
                "sha256:fa1449e2a6cd96dfadf66530ba203fadfbcf54a4724628dac4104fc292b06477",
                "sha256:ff14210232acff8a236244551834e643484ff621638c74590aa0583d3c36cc31"
            ],
            "index": "pypi",
            "version": "==3.6.0"
        },
        "pyparsing": {
            "hashes": [
                "sha256:0832bcf47acd283788593e7a0f542407bd9550a55a8a8435214a1960e04bcb04",
                "sha256:281683241b25fe9b80ec9d66017485f6deff1af5cde372469134b56ca8447a07",
                "sha256:8f1e18d3fd36c6795bb7e02a39fd05c611ffc2596c1e0d995d34d67630426c18",
                "sha256:9e8143a3e15c13713506886badd96ca4b579a87fbdf49e550dbfc057d6cb218e",
                "sha256:b8b3117ed9bdf45e14dcc89345ce638ec7e0e29b2b579fa1ecf32ce45ebac8a5",
                "sha256:e4d45427c6e20a59bf4f88c639dcc03ce30d193112047f94012102f235853a58",
                "sha256:fee43f17a9c4087e7ed1605bd6df994c6173c1e977d7ade7b651292fab2bd010"
            ],
            "index": "pypi",
            "version": "==2.2.0"
        },
        "pytest": {
            "hashes": [
                "sha256:66f332ae62593b874a648b10a8cb106bfdacd2c6288ed7dec3713c3a808a6017",
                "sha256:b70696ebd1a5e6b627e7e3ac1365a4bc60aaf3495e843c1e70448966c5224cab"
            ],
            "index": "pypi",
            "version": "==3.0.7"
        },
        "pytest-ordering": {
            "hashes": [
                "sha256:673589dfd08599eadda4c3974df82dd12a1bf6754ee53263356443fa429fdf22",
                "sha256:6aae68bf7fad5411ec9b0f6d3ead33a781c71d333d5150e75990cd54ae4d840e",
                "sha256:98ae00eaa1f4c25570327952016f17a0c4dcb2717d9c98766d071aefe629e2ff"
            ],
            "index": "pypi",
            "version": "==0.5"
        },
        "python-dateutil": {
            "hashes": [
                "sha256:891c38b2a02f5bb1be3e4793866c8df49c7d19baabf9c1bad62547e0b4866aca",
                "sha256:95511bae634d69bc7329ba55e646499a842bc4ec342ad54a8cdb65645a0aad3c"
            ],
            "index": "pypi",
            "version": "==2.6.1"
        },
        "python-editor": {
            "hashes": [
                "sha256:a3c066acee22a1c94f63938341d4fb374e3fdd69366ed6603d7b24bed1efc565"
            ],
            "index": "pypi",
            "version": "==1.0.3"
        },
        "requests": {
            "hashes": [
                "sha256:1a720e8862a41aa22e339373b526f508ef0c8988baf48b84d3fc891a8e237efb",
                "sha256:5722cd09762faa01276230270ff16af7acf7c5c45d623868d9ba116f15791ce8"
            ],
            "index": "pypi",
            "version": "==2.13.0"
        },
        "simplejson": {
            "hashes": [
                "sha256:0dc3afa149746b4e7551471ff868135c92d7b68b8ac37225388fac29127d836b",
                "sha256:18d2f00229c8aa364a29d112d6fe7d7e988d6c0917578ac2907532698154836a",
                "sha256:2ed3362bf59563855054551924c1f01d3876f1f4286d3b2bed88be1a9eac40c3",
                "sha256:370f2b68a93fb533b537dfacc13300928f794e7dbdf7c72769d80432ea71631a",
                "sha256:3a2a1e74b2b2feae27c8d1ec991544424dad4d0402152359cb79505983fc10f5",
                "sha256:3f43000ccde55f0ba8d46dd18a8dd71c72b48c7103d9ec56b077fe8de0ec686d",
                "sha256:4485d1e310e9b97b29b21a011e1d929ac3c239966f6b8c504c1db63873a15967",
                "sha256:7a8daeaea5d8b846a7cd6d76aa1006cc15c2f51eba3abafd6948824ef166ba60",
                "sha256:7e6f55c72388afa83c38fda0d5dab710f364476b661d8b5441ab79c1d402e9be",
                "sha256:84c4eb240c9697719a22a1b92dbe3b16d8ee484726b89f823bbf831d94a9ec86",
                "sha256:8b478dd885fd7184d38797939ccd508e7feb77875058a94e5f09a4e0c67a53c2",
                "sha256:953be622e88323c6f43fad61ffd05bebe73b9fd9863a46d68b052d2aa7d71ce2",
                "sha256:9ed51dc5cffa6366aad2e1e7d7ce65954b32092dc0585a591726da14c418adbd",
                "sha256:b1e260204d712059cb1f60e86f1f28b72570380b74d1cd550aac1903169d9f74",
                "sha256:b26455e86d5f7b8e7344c3992a48e32e11b01e26e57cd09c6ce4c94b9b5067f0",
                "sha256:d0509648b2074bf5a66c9d6ad3ee6d3711cc035fe38756cd02df93af2187f31b",
                "sha256:ddff7c3745a75cbd98b2d148eebbd739d7d18dfb537a857b02774cc09a333129",
                "sha256:e633def17eedd2d202437daeb8fda6f379d51a34de8b809800e2737d3e7363f9",
                "sha256:ea38d82c16e998ea9f3aee26d54816d3c560e5e3a075a56c54aef7263412f12e"
            ],
            "index": "pypi",
            "version": "==3.10.0"
        },
        "six": {
            "hashes": [
                "sha256:0ff78c403d9bccf5a425a6d31a12aa6b47f1c21ca4dc2573a7e2f32a97335eb1",
                "sha256:105f8d68616f8248e24bf0e9372ef04d3cc10104f1980f54d57b2ce73a5ad56a"
            ],
            "index": "pypi",
            "version": "==1.10.0"
        },
        "sqlalchemy": {
            "hashes": [
                "sha256:809547455d012734b4252081db1e6b4fc731de2299f3755708c39863625e1c77"
            ],
            "index": "pypi",
            "version": "==1.2.15"
        },
        "tinydb": {
            "hashes": [
                "sha256:7fc5bfc2439a0b379bd60638b517b52bcbf70220195b3f3245663cb8ad9dbcf0"
            ],
            "index": "pypi",
            "version": "==3.2.1"
        },
        "tinydb-serialization": {
            "hashes": [
                "sha256:2b339bee95c633768e2a87f895a17421aace9fd90b02615fd66dafbae9bc0702"
            ],
            "index": "pypi",
            "version": "==1.0.3"
        },
        "tornado": {
            "hashes": [
                "sha256:371d0cf3d56c47accc66116a77ad558d76eebaa8458a6b677af71ca606522146",
                "sha256:3b57939955588055be29c93c2ea533e44ee8ee75a6c1dd14f103eef92d01829f",
                "sha256:af9ee9f93109a98526a29cdea756802f1aab7897def0330532af4c4337895565"
            ],
            "index": "pypi",
            "version": "==4.4.1"
        },
        "werkzeug": {
            "hashes": [
                "sha256:c3fd7a7d41976d9f44db327260e263132466836cef6f91512889ed60ad26557c",
                "sha256:d5da73735293558eb1651ee2fddc4d0dedcfa06538b8813a2e20011583c9e49b"
            ],
            "index": "pypi",
            "version": "==0.14.1"
        },
        "xmltodict": {
            "hashes": [
                "sha256:fc518ccf9adbbb917a2ddcb386be852ae6dd36935e1e8b9a3e760201abfdbf77"
            ],
            "index": "pypi",
            "version": "==0.10.2"
        }
    },
    "develop": {}
}
